// !$*UTF8*$!
{
	archiveVersion = 1;
	classes = {
	};
	objectVersion = 50;
	objects = {

/* Begin PBXBuildFile section */
		4C747EAB222B8AB5004DAD32 /* AppDelegate.m in Sources */ = {isa = PBXBuildFile; fileRef = 4C747EAA222B8AB5004DAD32 /* AppDelegate.m */; };
		4C747EB1222B8AB5004DAD32 /* Main.storyboard in Resources */ = {isa = PBXBuildFile; fileRef = 4C747EAF222B8AB5004DAD32 /* Main.storyboard */; };
		4C747EB3222B8AB6004DAD32 /* Assets.xcassets in Resources */ = {isa = PBXBuildFile; fileRef = 4C747EB2222B8AB6004DAD32 /* Assets.xcassets */; };
		4C747EB6222B8AB6004DAD32 /* LaunchScreen.storyboard in Resources */ = {isa = PBXBuildFile; fileRef = 4C747EB4222B8AB6004DAD32 /* LaunchScreen.storyboard */; };
		4C747EB9222B8AB6004DAD32 /* main.m in Sources */ = {isa = PBXBuildFile; fileRef = 4C747EB8222B8AB6004DAD32 /* main.m */; };
		4C747EC1222B8B38004DAD32 /* Person.m in Sources */ = {isa = PBXBuildFile; fileRef = 4C747EC0222B8B38004DAD32 /* Person.m */; };
		4C747EC4222B8D1D004DAD32 /* PersonController.m in Sources */ = {isa = PBXBuildFile; fileRef = 4C747EC3222B8D1D004DAD32 /* PersonController.m */; };
		4C747EC8222D06C3004DAD32 /* SavedPersonListController.m in Sources */ = {isa = PBXBuildFile; fileRef = 4C747EC7222D06C3004DAD32 /* SavedPersonListController.m */; };
		4CEC4680222DCEE8000BEB83 /* DetailViewController.m in Sources */ = {isa = PBXBuildFile; fileRef = 4CEC467F222DCEE8000BEB83 /* DetailViewController.m */; };
/* End PBXBuildFile section */

/* Begin PBXFileReference section */
		4C747EA6222B8AB5004DAD32 /* Star Wars.app */ = {isa = PBXFileReference; explicitFileType = wrapper.application; includeInIndex = 0; path = "Star Wars.app"; sourceTree = BUILT_PRODUCTS_DIR; };
		4C747EA9222B8AB5004DAD32 /* AppDelegate.h */ = {isa = PBXFileReference; lastKnownFileType = sourcecode.c.h; path = AppDelegate.h; sourceTree = "<group>"; };
		4C747EAA222B8AB5004DAD32 /* AppDelegate.m */ = {isa = PBXFileReference; lastKnownFileType = sourcecode.c.objc; path = AppDelegate.m; sourceTree = "<group>"; };
		4C747EB0222B8AB5004DAD32 /* Base */ = {isa = PBXFileReference; lastKnownFileType = file.storyboard; name = Base; path = Base.lproj/Main.storyboard; sourceTree = "<group>"; };
		4C747EB2222B8AB6004DAD32 /* Assets.xcassets */ = {isa = PBXFileReference; lastKnownFileType = folder.assetcatalog; path = Assets.xcassets; sourceTree = "<group>"; };
		4C747EB5222B8AB6004DAD32 /* Base */ = {isa = PBXFileReference; lastKnownFileType = file.storyboard; name = Base; path = Base.lproj/LaunchScreen.storyboard; sourceTree = "<group>"; };
		4C747EB7222B8AB6004DAD32 /* Info.plist */ = {isa = PBXFileReference; lastKnownFileType = text.plist.xml; path = Info.plist; sourceTree = "<group>"; };
		4C747EB8222B8AB6004DAD32 /* main.m */ = {isa = PBXFileReference; lastKnownFileType = sourcecode.c.objc; path = main.m; sourceTree = "<group>"; };
		4C747EBF222B8B38004DAD32 /* Person.h */ = {isa = PBXFileReference; lastKnownFileType = sourcecode.c.h; path = Person.h; sourceTree = "<group>"; };
		4C747EC0222B8B38004DAD32 /* Person.m */ = {isa = PBXFileReference; lastKnownFileType = sourcecode.c.objc; path = Person.m; sourceTree = "<group>"; };
		4C747EC2222B8D1D004DAD32 /* PersonController.h */ = {isa = PBXFileReference; lastKnownFileType = sourcecode.c.h; path = PersonController.h; sourceTree = "<group>"; };
		4C747EC3222B8D1D004DAD32 /* PersonController.m */ = {isa = PBXFileReference; lastKnownFileType = sourcecode.c.objc; path = PersonController.m; sourceTree = "<group>"; };
		4C747EC6222D06C3004DAD32 /* SavedPersonListController.h */ = {isa = PBXFileReference; lastKnownFileType = sourcecode.c.h; path = SavedPersonListController.h; sourceTree = "<group>"; };
		4C747EC7222D06C3004DAD32 /* SavedPersonListController.m */ = {isa = PBXFileReference; lastKnownFileType = sourcecode.c.objc; path = SavedPersonListController.m; sourceTree = "<group>"; };
		4CEC467E222DCEE8000BEB83 /* DetailViewController.h */ = {isa = PBXFileReference; lastKnownFileType = sourcecode.c.h; path = DetailViewController.h; sourceTree = "<group>"; };
		4CEC467F222DCEE8000BEB83 /* DetailViewController.m */ = {isa = PBXFileReference; lastKnownFileType = sourcecode.c.objc; path = DetailViewController.m; sourceTree = "<group>"; };
/* End PBXFileReference section */

/* Begin PBXFrameworksBuildPhase section */
		4C747EA3222B8AB5004DAD32 /* Frameworks */ = {
			isa = PBXFrameworksBuildPhase;
			buildActionMask = 2147483647;
			files = (
			);
			runOnlyForDeploymentPostprocessing = 0;
		};
/* End PBXFrameworksBuildPhase section */

/* Begin PBXGroup section */
		4C747E9D222B8AB5004DAD32 = {
			isa = PBXGroup;
			children = (
				4C747EA8222B8AB5004DAD32 /* Star Wars */,
				4C747EA7222B8AB5004DAD32 /* Products */,
			);
			sourceTree = "<group>";
		};
		4C747EA7222B8AB5004DAD32 /* Products */ = {
			isa = PBXGroup;
			children = (
				4C747EA6222B8AB5004DAD32 /* Star Wars.app */,
			);
			name = Products;
			sourceTree = "<group>";
		};
		4C747EA8222B8AB5004DAD32 /* Star Wars */ = {
			isa = PBXGroup;
			children = (
				4C747EA9222B8AB5004DAD32 /* AppDelegate.h */,
				4C747EAA222B8AB5004DAD32 /* AppDelegate.m */,
				4C747EC5222D0683004DAD32 /* Model Manager */,
				4C747EC9222D06CD004DAD32 /* View Controllers */,
				4C747EAF222B8AB5004DAD32 /* Main.storyboard */,
				4C747EB2222B8AB6004DAD32 /* Assets.xcassets */,
				4C747EB4222B8AB6004DAD32 /* LaunchScreen.storyboard */,
				4C747EB7222B8AB6004DAD32 /* Info.plist */,
				4C747EB8222B8AB6004DAD32 /* main.m */,
			);
			path = "Star Wars";
			sourceTree = "<group>";
		};
		4C747EC5222D0683004DAD32 /* Model Manager */ = {
			isa = PBXGroup;
			children = (
				4C747EBF222B8B38004DAD32 /* Person.h */,
				4C747EC0222B8B38004DAD32 /* Person.m */,
				4C747EC2222B8D1D004DAD32 /* PersonController.h */,
				4C747EC3222B8D1D004DAD32 /* PersonController.m */,
			);
			path = "Model Manager";
			sourceTree = "<group>";
		};
		4C747EC9222D06CD004DAD32 /* View Controllers */ = {
			isa = PBXGroup;
			children = (
				4C747EC6222D06C3004DAD32 /* SavedPersonListController.h */,
				4C747EC7222D06C3004DAD32 /* SavedPersonListController.m */,
				4CEC467E222DCEE8000BEB83 /* DetailViewController.h */,
				4CEC467F222DCEE8000BEB83 /* DetailViewController.m */,
			);
			path = "View Controllers";
			sourceTree = "<group>";
		};
/* End PBXGroup section */

/* Begin PBXNativeTarget section */
		4C747EA5222B8AB5004DAD32 /* Star Wars */ = {
			isa = PBXNativeTarget;
			buildConfigurationList = 4C747EBC222B8AB6004DAD32 /* Build configuration list for PBXNativeTarget "Star Wars" */;
			buildPhases = (
				4C747EA2222B8AB5004DAD32 /* Sources */,
				4C747EA3222B8AB5004DAD32 /* Frameworks */,
				4C747EA4222B8AB5004DAD32 /* Resources */,
			);
			buildRules = (
			);
			dependencies = (
			);
			name = "Star Wars";
			productName = "Star Wars";
			productReference = 4C747EA6222B8AB5004DAD32 /* Star Wars.app */;
			productType = "com.apple.product-type.application";
		};
/* End PBXNativeTarget section */

/* Begin PBXProject section */
		4C747E9E222B8AB5004DAD32 /* Project object */ = {
			isa = PBXProject;
			attributes = {
				LastUpgradeCheck = 1010;
				ORGANIZATIONNAME = "Lotanna Igwe-Odunze";
				TargetAttributes = {
					4C747EA5222B8AB5004DAD32 = {
						CreatedOnToolsVersion = 10.1;
					};
				};
			};
			buildConfigurationList = 4C747EA1222B8AB5004DAD32 /* Build configuration list for PBXProject "Star Wars" */;
			compatibilityVersion = "Xcode 9.3";
			developmentRegion = en;
			hasScannedForEncodings = 0;
			knownRegions = (
				en,
				Base,
			);
			mainGroup = 4C747E9D222B8AB5004DAD32;
			productRefGroup = 4C747EA7222B8AB5004DAD32 /* Products */;
			projectDirPath = "";
			projectRoot = "";
			targets = (
				4C747EA5222B8AB5004DAD32 /* Star Wars */,
			);
		};
/* End PBXProject section */

/* Begin PBXResourcesBuildPhase section */
		4C747EA4222B8AB5004DAD32 /* Resources */ = {
			isa = PBXResourcesBuildPhase;
			buildActionMask = 2147483647;
			files = (
				4C747EB6222B8AB6004DAD32 /* LaunchScreen.storyboard in Resources */,
				4C747EB3222B8AB6004DAD32 /* Assets.xcassets in Resources */,
				4C747EB1222B8AB5004DAD32 /* Main.storyboard in Resources */,
			);
			runOnlyForDeploymentPostprocessing = 0;
		};
/* End PBXResourcesBuildPhase section */

/* Begin PBXSourcesBuildPhase section */
		4C747EA2222B8AB5004DAD32 /* Sources */ = {
			isa = PBXSourcesBuildPhase;
			buildActionMask = 2147483647;
			files = (
				4C747EB9222B8AB6004DAD32 /* main.m in Sources */,
				4C747EC4222B8D1D004DAD32 /* PersonController.m in Sources */,
				4C747EC8222D06C3004DAD32 /* SavedPersonListController.m in Sources */,
				4C747EC1222B8B38004DAD32 /* Person.m in Sources */,
				4C747EAB222B8AB5004DAD32 /* AppDelegate.m in Sources */,
				4CEC4680222DCEE8000BEB83 /* DetailViewController.m in Sources */,
			);
			runOnlyForDeploymentPostprocessing = 0;
		};
/* End PBXSourcesBuildPhase section */

/* Begin PBXVariantGroup section */
		4C747EAF222B8AB5004DAD32 /* Main.storyboard */ = {
			isa = PBXVariantGroup;
			children = (
				4C747EB0222B8AB5004DAD32 /* Base */,
			);
			name = Main.storyboard;
			sourceTree = "<group>";
		};
		4C747EB4222B8AB6004DAD32 /* LaunchScreen.storyboard */ = {
			isa = PBXVariantGroup;
			children = (
				4C747EB5222B8AB6004DAD32 /* Base */,
			);
			name = LaunchScreen.storyboard;
			sourceTree = "<group>";
		};
/* End PBXVariantGroup section */

/* Begin XCBuildConfiguration section */
		4C747EBA222B8AB6004DAD32 /* Debug */ = {
			isa = XCBuildConfiguration;
			buildSettings = {
				ALWAYS_SEARCH_USER_PATHS = NO;
				CLANG_ANALYZER_NONNULL = YES;
				CLANG_ANALYZER_NUMBER_OBJECT_CONVERSION = YES_AGGRESSIVE;
				CLANG_CXX_LANGUAGE_STANDARD = "gnu++14";
				CLANG_CXX_LIBRARY = "libc++";
				CLANG_ENABLE_MODULES = YES;
				CLANG_ENABLE_OBJC_ARC = YES;
				CLANG_ENABLE_OBJC_WEAK = YES;
				CLANG_WARN_BLOCK_CAPTURE_AUTORELEASING = YES;
				CLANG_WARN_BOOL_CONVERSION = YES;
				CLANG_WARN_COMMA = YES;
				CLANG_WARN_CONSTANT_CONVERSION = YES;
				CLANG_WARN_DEPRECATED_OBJC_IMPLEMENTATIONS = YES;
				CLANG_WARN_DIRECT_OBJC_ISA_USAGE = YES_ERROR;
				CLANG_WARN_DOCUMENTATION_COMMENTS = YES;
				CLANG_WARN_EMPTY_BODY = YES;
				CLANG_WARN_ENUM_CONVERSION = YES;
				CLANG_WARN_INFINITE_RECURSION = YES;
				CLANG_WARN_INT_CONVERSION = YES;
				CLANG_WARN_NON_LITERAL_NULL_CONVERSION = YES;
				CLANG_WARN_OBJC_IMPLICIT_RETAIN_SELF = YES;
				CLANG_WARN_OBJC_LITERAL_CONVERSION = YES;
				CLANG_WARN_OBJC_ROOT_CLASS = YES_ERROR;
				CLANG_WARN_RANGE_LOOP_ANALYSIS = YES;
				CLANG_WARN_STRICT_PROTOTYPES = YES;
				CLANG_WARN_SUSPICIOUS_MOVE = YES;
				CLANG_WARN_UNGUARDED_AVAILABILITY = YES_AGGRESSIVE;
				CLANG_WARN_UNREACHABLE_CODE = YES;
				CLANG_WARN__DUPLICATE_METHOD_MATCH = YES;
				CODE_SIGN_IDENTITY = "iPhone Developer";
				COPY_PHASE_STRIP = NO;
				DEBUG_INFORMATION_FORMAT = dwarf;
				ENABLE_STRICT_OBJC_MSGSEND = YES;
				ENABLE_TESTABILITY = YES;
				GCC_C_LANGUAGE_STANDARD = gnu11;
				GCC_DYNAMIC_NO_PIC = NO;
				GCC_NO_COMMON_BLOCKS = YES;
				GCC_OPTIMIZATION_LEVEL = 0;
				GCC_PREPROCESSOR_DEFINITIONS = (
					"DEBUG=1",
					"$(inherited)",
				);
				GCC_WARN_64_TO_32_BIT_CONVERSION = YES;
				GCC_WARN_ABOUT_RETURN_TYPE = YES_ERROR;
				GCC_WARN_UNDECLARED_SELECTOR = YES;
				GCC_WARN_UNINITIALIZED_AUTOS = YES_AGGRESSIVE;
				GCC_WARN_UNUSED_FUNCTION = YES;
				GCC_WARN_UNUSED_VARIABLE = YES;
				IPHONEOS_DEPLOYMENT_TARGET = 12.1;
				MTL_ENABLE_DEBUG_INFO = INCLUDE_SOURCE;
				MTL_FAST_MATH = YES;
				ONLY_ACTIVE_ARCH = YES;
				SDKROOT = iphoneos;
			};
			name = Debug;
		};
		4C747EBB222B8AB6004DAD32 /* Release */ = {
			isa = XCBuildConfiguration;
			buildSettings = {
				ALWAYS_SEARCH_USER_PATHS = NO;
				CLANG_ANALYZER_NONNULL = YES;
				CLANG_ANALYZER_NUMBER_OBJECT_CONVERSION = YES_AGGRESSIVE;
				CLANG_CXX_LANGUAGE_STANDARD = "gnu++14";
				CLANG_CXX_LIBRARY = "libc++";
				CLANG_ENABLE_MODULES = YES;
				CLANG_ENABLE_OBJC_ARC = YES;
				CLANG_ENABLE_OBJC_WEAK = YES;
				CLANG_WARN_BLOCK_CAPTURE_AUTORELEASING = YES;
				CLANG_WARN_BOOL_CONVERSION = YES;
				CLANG_WARN_COMMA = YES;
				CLANG_WARN_CONSTANT_CONVERSION = YES;
				CLANG_WARN_DEPRECATED_OBJC_IMPLEMENTATIONS = YES;
				CLANG_WARN_DIRECT_OBJC_ISA_USAGE = YES_ERROR;
				CLANG_WARN_DOCUMENTATION_COMMENTS = YES;
				CLANG_WARN_EMPTY_BODY = YES;
				CLANG_WARN_ENUM_CONVERSION = YES;
				CLANG_WARN_INFINITE_RECURSION = YES;
				CLANG_WARN_INT_CONVERSION = YES;
				CLANG_WARN_NON_LITERAL_NULL_CONVERSION = YES;
				CLANG_WARN_OBJC_IMPLICIT_RETAIN_SELF = YES;
				CLANG_WARN_OBJC_LITERAL_CONVERSION = YES;
				CLANG_WARN_OBJC_ROOT_CLASS = YES_ERROR;
				CLANG_WARN_RANGE_LOOP_ANALYSIS = YES;
				CLANG_WARN_STRICT_PROTOTYPES = YES;
				CLANG_WARN_SUSPICIOUS_MOVE = YES;
				CLANG_WARN_UNGUARDED_AVAILABILITY = YES_AGGRESSIVE;
				CLANG_WARN_UNREACHABLE_CODE = YES;
				CLANG_WARN__DUPLICATE_METHOD_MATCH = YES;
				CODE_SIGN_IDENTITY = "iPhone Developer";
				COPY_PHASE_STRIP = NO;
				DEBUG_INFORMATION_FORMAT = "dwarf-with-dsym";
				ENABLE_NS_ASSERTIONS = NO;
				ENABLE_STRICT_OBJC_MSGSEND = YES;
				GCC_C_LANGUAGE_STANDARD = gnu11;
				GCC_NO_COMMON_BLOCKS = YES;
				GCC_WARN_64_TO_32_BIT_CONVERSION = YES;
				GCC_WARN_ABOUT_RETURN_TYPE = YES_ERROR;
				GCC_WARN_UNDECLARED_SELECTOR = YES;
				GCC_WARN_UNINITIALIZED_AUTOS = YES_AGGRESSIVE;
				GCC_WARN_UNUSED_FUNCTION = YES;
				GCC_WARN_UNUSED_VARIABLE = YES;
				IPHONEOS_DEPLOYMENT_TARGET = 12.1;
				MTL_ENABLE_DEBUG_INFO = NO;
				MTL_FAST_MATH = YES;
				SDKROOT = iphoneos;
				VALIDATE_PRODUCT = YES;
			};
			name = Release;
		};
		4C747EBD222B8AB6004DAD32 /* Debug */ = {
			isa = XCBuildConfiguration;
			buildSettings = {
				ASSETCATALOG_COMPILER_APPICON_NAME = AppIcon;
				CODE_SIGN_STYLE = Automatic;
				DEVELOPMENT_TEAM = 94Q7Y757NG;
				INFOPLIST_FILE = "Star Wars/Info.plist";
				LD_RUNPATH_SEARCH_PATHS = (
					"$(inherited)",
					"@executable_path/Frameworks",
				);
				PRODUCT_BUNDLE_IDENTIFIER = "io.lotanna.Star-Wars";
				PRODUCT_NAME = "$(TARGET_NAME)";
				TARGETED_DEVICE_FAMILY = "1,2";
			};
			name = Debug;
		};
		4C747EBE222B8AB6004DAD32 /* Release */ = {
			isa = XCBuildConfiguration;
			buildSettings = {
				ASSETCATALOG_COMPILER_APPICON_NAME = AppIcon;
				CODE_SIGN_STYLE = Automatic;
				DEVELOPMENT_TEAM = 94Q7Y757NG;
				INFOPLIST_FILE = "Star Wars/Info.plist";
				LD_RUNPATH_SEARCH_PATHS = (
					"$(inherited)",
					"@executable_path/Frameworks",
				);
				PRODUCT_BUNDLE_IDENTIFIER = "io.lotanna.Star-Wars";
				PRODUCT_NAME = "$(TARGET_NAME)";
				TARGETED_DEVICE_FAMILY = "1,2";
			};
			name = Release;
		};
/* End XCBuildConfiguration section */

/* Begin XCConfigurationList section */
		4C747EA1222B8AB5004DAD32 /* Build configuration list for PBXProject "Star Wars" */ = {
			isa = XCConfigurationList;
			buildConfigurations = (
				4C747EBA222B8AB6004DAD32 /* Debug */,
				4C747EBB222B8AB6004DAD32 /* Release */,
			);
			defaultConfigurationIsVisible = 0;
			defaultConfigurationName = Release;
		};
		4C747EBC222B8AB6004DAD32 /* Build configuration list for PBXNativeTarget "Star Wars" */ = {
			isa = XCConfigurationList;
			buildConfigurations = (
				4C747EBD222B8AB6004DAD32 /* Debug */,
				4C747EBE222B8AB6004DAD32 /* Release */,
			);
			defaultConfigurationIsVisible = 0;
			defaultConfigurationName = Release;
		};
/* End XCConfigurationList section */
	};
	rootObject = 4C747E9E222B8AB5004DAD32 /* Project object */;
}
